<?xml version="1.0" encoding="utf-8"?>
<Project ToolsVersion="4.0" xmlns="http://schemas.microsoft.com/developer/msbuild/2003">
  <ItemGroup>
    <Filter Include="Source Files">
      <UniqueIdentifier>{4FC737F1-C7A5-4376-A066-2A32D752A2FF}</UniqueIdentifier>
      <Extensions>cpp;c;cc;cxx;def;odl;idl;hpj;bat;asm;asmx</Extensions>
    </Filter>
    <Filter Include="Header Files">
      <UniqueIdentifier>{93995380-89BD-4b04-88EB-625FBE52EBFB}</UniqueIdentifier>
      <Extensions>h;hh;hpp;hxx;hm;inl;inc;ipp;xsd</Extensions>
    </Filter>
    <Filter Include="Header Files\structures">
      <UniqueIdentifier>{b43af56d-a963-4533-a304-d619ef0c3ca7}</UniqueIdentifier>
    </Filter>
    <Filter Include="Header Files\structures\array">
      <UniqueIdentifier>{502bbc44-0f83-4033-97a5-c5924d61b278}</UniqueIdentifier>
    </Filter>
    <Filter Include="Header Files\structures\list">
      <UniqueIdentifier>{73abb9ab-8b86-46b8-9618-07d1a35793a5}</UniqueIdentifier>
    </Filter>
    <Filter Include="Header Files\structures\queue">
      <UniqueIdentifier>{7f003383-d138-4d31-96df-b79b766e5526}</UniqueIdentifier>
    </Filter>
    <Filter Include="Header Files\structures\vector">
      <UniqueIdentifier>{48205a95-cae6-46ee-a635-3a6017128e6d}</UniqueIdentifier>
    </Filter>
    <Filter Include="Header Files\structures\tree">
      <UniqueIdentifier>{5803774b-60ef-4ea0-8b31-8472e297738b}</UniqueIdentifier>
    </Filter>
    <Filter Include="Header Files\structures\table">
      <UniqueIdentifier>{c38b638d-a3da-4874-8370-c396101b2afa}</UniqueIdentifier>
    </Filter>
    <Filter Include="Header Files\structures\table\sorting">
      <UniqueIdentifier>{f887c8b6-96a8-4d82-a1e4-d79827e16523}</UniqueIdentifier>
    </Filter>
  </ItemGroup>
  <ItemGroup>
    <ClInclude Include="structures\ds_routines.h">
      <Filter>Header Files\structures</Filter>
    </ClInclude>
    <ClInclude Include="structures\ds_structure_types.h">
      <Filter>Header Files\structures</Filter>
    </ClInclude>
    <ClInclude Include="structures\heap_monitor.h">
      <Filter>Header Files\structures</Filter>
    </ClInclude>
    <ClInclude Include="structures\memory_routines.h">
      <Filter>Header Files\structures</Filter>
    </ClInclude>
    <ClInclude Include="structures\structure.h">
      <Filter>Header Files\structures</Filter>
    </ClInclude>
    <ClInclude Include="structures\structure_iterator.h">
      <Filter>Header Files\structures</Filter>
    </ClInclude>
    <ClInclude Include="structures\array\array.h">
      <Filter>Header Files\structures\array</Filter>
    </ClInclude>
    <ClInclude Include="structures\list\array_list.h">
      <Filter>Header Files\structures\list</Filter>
    </ClInclude>
    <ClInclude Include="structures\list\linked_list.h">
      <Filter>Header Files\structures\list</Filter>
    </ClInclude>
    <ClInclude Include="structures\list\list.h">
      <Filter>Header Files\structures\list</Filter>
    </ClInclude>
    <ClInclude Include="structures\vector\vector.h">
      <Filter>Header Files\structures\vector</Filter>
    </ClInclude>
    <ClInclude Include="structures\queue\explicit_queue.h">
      <Filter>Header Files\structures\queue</Filter>
    </ClInclude>
    <ClInclude Include="structures\queue\implicit_queue.h">
      <Filter>Header Files\structures\queue</Filter>
    </ClInclude>
    <ClInclude Include="structures\queue\queue.h">
      <Filter>Header Files\structures\queue</Filter>
    </ClInclude>
    <ClInclude Include="UI.h">
      <Filter>Header Files</Filter>
    </ClInclude>
    <ClInclude Include="structures\tree\binary_tree.h">
      <Filter>Header Files\structures\tree</Filter>
    </ClInclude>
    <ClInclude Include="structures\tree\k_way_tree.h">
      <Filter>Header Files\structures\tree</Filter>
    </ClInclude>
    <ClInclude Include="structures\tree\multi_way_tree.h">
      <Filter>Header Files\structures\tree</Filter>
    </ClInclude>
    <ClInclude Include="structures\tree\tree.h">
      <Filter>Header Files\structures\tree</Filter>
    </ClInclude>
    <ClInclude Include="structures\table\binary_search_tree.h">
      <Filter>Header Files\structures\table</Filter>
    </ClInclude>
    <ClInclude Include="structures\table\hash_table.h">
      <Filter>Header Files\structures\table</Filter>
    </ClInclude>
    <ClInclude Include="structures\table\linked_table.h">
      <Filter>Header Files\structures\table</Filter>
    </ClInclude>
    <ClInclude Include="structures\table\sequence_table.h">
      <Filter>Header Files\structures\table</Filter>
    </ClInclude>
    <ClInclude Include="structures\table\sorted_sequence_table.h">
      <Filter>Header Files\structures\table</Filter>
    </ClInclude>
    <ClInclude Include="structures\table\table.h">
      <Filter>Header Files\structures\table</Filter>
    </ClInclude>
    <ClInclude Include="structures\table\unsorted_sequence_table.h">
      <Filter>Header Files\structures\table</Filter>
    </ClInclude>
    <ClInclude Include="structures\table\sorting\bubble_sort.h">
      <Filter>Header Files\structures\table\sorting</Filter>
    </ClInclude>
    <ClInclude Include="structures\table\sorting\heap_sort.h">
      <Filter>Header Files\structures\table\sorting</Filter>
    </ClInclude>
    <ClInclude Include="structures\table\sorting\insert_sort.h">
      <Filter>Header Files\structures\table\sorting</Filter>
    </ClInclude>
    <ClInclude Include="structures\table\sorting\merge_sort.h">
      <Filter>Header Files\structures\table\sorting</Filter>
    </ClInclude>
    <ClInclude Include="structures\table\sorting\quick_sort.h">
      <Filter>Header Files\structures\table\sorting</Filter>
    </ClInclude>
    <ClInclude Include="structures\table\sorting\radix_sort.h">
      <Filter>Header Files\structures\table\sorting</Filter>
    </ClInclude>
    <ClInclude Include="structures\table\sorting\select_sort.h">
      <Filter>Header Files\structures\table\sorting</Filter>
    </ClInclude>
    <ClInclude Include="structures\table\sorting\shell_sort.h">
      <Filter>Header Files\structures\table\sorting</Filter>
    </ClInclude>
    <ClInclude Include="structures\table\sorting\shuffle.h">
      <Filter>Header Files\structures\table\sorting</Filter>
    </ClInclude>
    <ClInclude Include="structures\table\sorting\sort.h">
      <Filter>Header Files\structures\table\sorting</Filter>
    </ClInclude>
    <ClInclude Include="Town.h">
      <Filter>Header Files</Filter>
    </ClInclude>
    <ClInclude Include="TownLand.h">
      <Filter>Header Files</Filter>
    </ClInclude>
    <ClInclude Include="County.h">
      <Filter>Header Files</Filter>
    </ClInclude>
    <ClInclude Include="structures\table\treap.h">
      <Filter>Header Files\structures\table</Filter>
    </ClInclude>
    <ClInclude Include="CountyManager.h">
      <Filter>Header Files</Filter>
    </ClInclude>
    <ClInclude Include="TownManager.h">
      <Filter>Header Files</Filter>
    </ClInclude>
    <ClInclude Include="Comparator.h">
      <Filter>Header Files</Filter>
    </ClInclude>
    <ClInclude Include="BuildingAreaComparator.h">
      <Filter>Header Files</Filter>
    </ClInclude>
    <ClInclude Include="FarmlandComparator.h">
      <Filter>Header Files</Filter>
    </ClInclude>
    <ClInclude Include="FruitCountyComparator.h">
      <Filter>Header Files</Filter>
    </ClInclude>
    <ClInclude Include="FarmCountyComparator.h">
      <Filter>Header Files</Filter>
    </ClInclude>
    <ClInclude Include="ForestCountyComparator.h">
      <Filter>Header Files</Filter>
    </ClInclude>
    <ClInclude Include="CountyComparator.h">
      <Filter>Header Files</Filter>
    </ClInclude>
    <ClInclude Include="TotalAreaComparator.h">
      <Filter>Header Files</Filter>
    </ClInclude>
  </ItemGroup>
  <ItemGroup>
    <ClCompile Include="Main.cpp">
      <Filter>Source Files</Filter>
    </ClCompile>
    <ClCompile Include="structures\ds_routines.cpp">
      <Filter>Header Files\structures</Filter>
    </ClCompile>
    <ClCompile Include="structures\memory_routines.cpp">
      <Filter>Header Files\structures</Filter>
    </ClCompile>
    <ClCompile Include="structures\structure.cpp">
      <Filter>Header Files\structures</Filter>
    </ClCompile>
    <ClCompile Include="structures\vector\vector.cpp">
      <Filter>Header Files\structures\vector</Filter>
    </ClCompile>
    <ClCompile Include="UI.cpp">
      <Filter>Source Files</Filter>
    </ClCompile>
    <ClCompile Include="structures\table\sorting\sort.cpp">
      <Filter>Header Files\structures\table\sorting</Filter>
    </ClCompile>
    <ClCompile Include="Town.cpp">
      <Filter>Source Files</Filter>
    </ClCompile>
    <ClCompile Include="TownLand.cpp">
      <Filter>Source Files</Filter>
    </ClCompile>
    <ClCompile Include="County.cpp">
      <Filter>Source Files</Filter>
    </ClCompile>
    <ClCompile Include="CountyManager.cpp">
      <Filter>Source Files</Filter>
    </ClCompile>
    <ClCompile Include="TownManager.cpp">
      <Filter>Source Files</Filter>
    </ClCompile>
  </ItemGroup>
</Project>